// !$*UTF8*$!
{
	archiveVersion = 1;
	classes = {
	};
	objectVersion = 48;
	objects = {

/* Begin PBXBuildFile section */
		A447D7FA1F85C64B0004818F /* PhotoController.swift in Sources */ = {isa = PBXBuildFile; fileRef = A447D7F91F85C64B0004818F /* PhotoController.swift */; };
		A47E744E1F84876A005442C7 /* AppDelegate.swift in Sources */ = {isa = PBXBuildFile; fileRef = A47E744D1F84876A005442C7 /* AppDelegate.swift */; };
		A47E74501F84876A005442C7 /* ViewController.swift in Sources */ = {isa = PBXBuildFile; fileRef = A47E744F1F84876A005442C7 /* ViewController.swift */; };
		A47E74531F84876C005442C7 /* Main.storyboard in Resources */ = {isa = PBXBuildFile; fileRef = A47E74511F84876C005442C7 /* Main.storyboard */; };
		A47E74561F84877E005442C7 /* Album.xcdatamodeld in Sources */ = {isa = PBXBuildFile; fileRef = A47E74541F84877B005442C7 /* Album.xcdatamodeld */; };
		A47E74581F848780005442C7 /* Assets.xcassets in Resources */ = {isa = PBXBuildFile; fileRef = A47E74571F848780005442C7 /* Assets.xcassets */; };
		A47E745B1F848781005442C7 /* LaunchScreen.storyboard in Resources */ = {isa = PBXBuildFile; fileRef = A47E74591F848781005442C7 /* LaunchScreen.storyboard */; };
		A47E74661F848786005442C7 /* AlbumTests.swift in Sources */ = {isa = PBXBuildFile; fileRef = A47E74651F848786005442C7 /* AlbumTests.swift */; };
		A47E74711F848787005442C7 /* AlbumUITests.swift in Sources */ = {isa = PBXBuildFile; fileRef = A47E74701F848787005442C7 /* AlbumUITests.swift */; };
		A47E747F1F848847005442C7 /* started in Resources */ = {isa = PBXBuildFile; fileRef = A47E747E1F848847005442C7 /* started */; };
		A47E74861F848B40005442C7 /* Album.swift in Sources */ = {isa = PBXBuildFile; fileRef = A47E74851F848B40005442C7 /* Album.swift */; };
		A47E74881F848C9B005442C7 /* AblumCell.swift in Sources */ = {isa = PBXBuildFile; fileRef = A47E74871F848C9B005442C7 /* AblumCell.swift */; };
		A488DDE01F85647A00C229B0 /* TableCell.swift in Sources */ = {isa = PBXBuildFile; fileRef = A488DDDF1F85647900C229B0 /* TableCell.swift */; };
		A488DDE21F85649C00C229B0 /* CollectionCell.swift in Sources */ = {isa = PBXBuildFile; fileRef = A488DDE11F85649C00C229B0 /* CollectionCell.swift */; };
/* End PBXBuildFile section */

/* Begin PBXContainerItemProxy section */
		A47E74621F848784005442C7 /* PBXContainerItemProxy */ = {
			isa = PBXContainerItemProxy;
			containerPortal = A47E74421F848768005442C7 /* Project object */;
			proxyType = 1;
			remoteGlobalIDString = A47E74491F848769005442C7;
			remoteInfo = Album;
		};
		A47E746D1F848786005442C7 /* PBXContainerItemProxy */ = {
			isa = PBXContainerItemProxy;
			containerPortal = A47E74421F848768005442C7 /* Project object */;
			proxyType = 1;
			remoteGlobalIDString = A47E74491F848769005442C7;
			remoteInfo = Album;
		};
/* End PBXContainerItemProxy section */

/* Begin PBXFileReference section */
		A447D7F91F85C64B0004818F /* PhotoController.swift */ = {isa = PBXFileReference; lastKnownFileType = sourcecode.swift; path = PhotoController.swift; sourceTree = "<group>"; };
		A47E744A1F848769005442C7 /* Album.app */ = {isa = PBXFileReference; explicitFileType = wrapper.application; includeInIndex = 0; path = Album.app; sourceTree = BUILT_PRODUCTS_DIR; };
		A47E744D1F84876A005442C7 /* AppDelegate.swift */ = {isa = PBXFileReference; lastKnownFileType = sourcecode.swift; path = AppDelegate.swift; sourceTree = "<group>"; };
		A47E744F1F84876A005442C7 /* ViewController.swift */ = {isa = PBXFileReference; lastKnownFileType = sourcecode.swift; path = ViewController.swift; sourceTree = "<group>"; };
		A47E74521F84876C005442C7 /* Base */ = {isa = PBXFileReference; lastKnownFileType = file.storyboard; name = Base; path = Base.lproj/Main.storyboard; sourceTree = "<group>"; };
		A47E74551F84877C005442C7 /* Album.xcdatamodel */ = {isa = PBXFileReference; lastKnownFileType = wrapper.xcdatamodel; path = Album.xcdatamodel; sourceTree = "<group>"; };
		A47E74571F848780005442C7 /* Assets.xcassets */ = {isa = PBXFileReference; lastKnownFileType = folder.assetcatalog; path = Assets.xcassets; sourceTree = "<group>"; };
		A47E745A1F848781005442C7 /* Base */ = {isa = PBXFileReference; lastKnownFileType = file.storyboard; name = Base; path = Base.lproj/LaunchScreen.storyboard; sourceTree = "<group>"; };
		A47E745C1F848783005442C7 /* Info.plist */ = {isa = PBXFileReference; lastKnownFileType = text.plist.xml; path = Info.plist; sourceTree = "<group>"; };
		A47E74611F848784005442C7 /* AlbumTests.xctest */ = {isa = PBXFileReference; explicitFileType = wrapper.cfbundle; includeInIndex = 0; path = AlbumTests.xctest; sourceTree = BUILT_PRODUCTS_DIR; };
		A47E74651F848786005442C7 /* AlbumTests.swift */ = {isa = PBXFileReference; lastKnownFileType = sourcecode.swift; path = AlbumTests.swift; sourceTree = "<group>"; };
		A47E74671F848786005442C7 /* Info.plist */ = {isa = PBXFileReference; lastKnownFileType = text.plist.xml; path = Info.plist; sourceTree = "<group>"; };
		A47E746C1F848786005442C7 /* AlbumUITests.xctest */ = {isa = PBXFileReference; explicitFileType = wrapper.cfbundle; includeInIndex = 0; path = AlbumUITests.xctest; sourceTree = BUILT_PRODUCTS_DIR; };
		A47E74701F848787005442C7 /* AlbumUITests.swift */ = {isa = PBXFileReference; lastKnownFileType = sourcecode.swift; path = AlbumUITests.swift; sourceTree = "<group>"; };
		A47E74721F848787005442C7 /* Info.plist */ = {isa = PBXFileReference; lastKnownFileType = text.plist.xml; path = Info.plist; sourceTree = "<group>"; };
		A47E747E1F848847005442C7 /* started */ = {isa = PBXFileReference; lastKnownFileType = text; path = started; sourceTree = "<group>"; };
		A47E74851F848B40005442C7 /* Album.swift */ = {isa = PBXFileReference; lastKnownFileType = sourcecode.swift; path = Album.swift; sourceTree = "<group>"; };
		A47E74871F848C9B005442C7 /* AblumCell.swift */ = {isa = PBXFileReference; lastKnownFileType = sourcecode.swift; path = AblumCell.swift; sourceTree = "<group>"; };
		A488DDDF1F85647900C229B0 /* TableCell.swift */ = {isa = PBXFileReference; lastKnownFileType = sourcecode.swift; path = TableCell.swift; sourceTree = "<group>"; };
		A488DDE11F85649C00C229B0 /* CollectionCell.swift */ = {isa = PBXFileReference; lastKnownFileType = sourcecode.swift; path = CollectionCell.swift; sourceTree = "<group>"; };
/* End PBXFileReference section */

/* Begin PBXFrameworksBuildPhase section */
		A47E74471F848769005442C7 /* Frameworks */ = {
			isa = PBXFrameworksBuildPhase;
			buildActionMask = 2147483647;
			files = (
			);
			runOnlyForDeploymentPostprocessing = 0;
		};
		A47E745E1F848784005442C7 /* Frameworks */ = {
			isa = PBXFrameworksBuildPhase;
			buildActionMask = 2147483647;
			files = (
			);
			runOnlyForDeploymentPostprocessing = 0;
		};
		A47E74691F848786005442C7 /* Frameworks */ = {
			isa = PBXFrameworksBuildPhase;
			buildActionMask = 2147483647;
			files = (
			);
			runOnlyForDeploymentPostprocessing = 0;
		};
/* End PBXFrameworksBuildPhase section */

/* Begin PBXGroup section */
		A47E74411F848768005442C7 = {
			isa = PBXGroup;
			children = (
				A47E747E1F848847005442C7 /* started */,
				A47E744C1F84876A005442C7 /* Album */,
				A47E74641F848785005442C7 /* AlbumTests */,
				A47E746F1F848786005442C7 /* AlbumUITests */,
				A47E744B1F848769005442C7 /* Products */,
			);
			sourceTree = "<group>";
		};
		A47E744B1F848769005442C7 /* Products */ = {
			isa = PBXGroup;
			children = (
				A47E744A1F848769005442C7 /* Album.app */,
				A47E74611F848784005442C7 /* AlbumTests.xctest */,
				A47E746C1F848786005442C7 /* AlbumUITests.xctest */,
			);
			name = Products;
			sourceTree = "<group>";
		};
		A47E744C1F84876A005442C7 /* Album */ = {
			isa = PBXGroup;
			children = (
				A47E74821F848AFA005442C7 /* Controller */,
				A47E74811F848AF3005442C7 /* View */,
				A47E74801F848AE9005442C7 /* Model */,
				A47E744D1F84876A005442C7 /* AppDelegate.swift */,
				A47E74571F848780005442C7 /* Assets.xcassets */,
				A47E74591F848781005442C7 /* LaunchScreen.storyboard */,
				A47E745C1F848783005442C7 /* Info.plist */,
				A47E74541F84877B005442C7 /* Album.xcdatamodeld */,
			);
			path = Album;
			sourceTree = "<group>";
		};
		A47E74641F848785005442C7 /* AlbumTests */ = {
			isa = PBXGroup;
			children = (
				A47E74651F848786005442C7 /* AlbumTests.swift */,
				A47E74671F848786005442C7 /* Info.plist */,
			);
			path = AlbumTests;
			sourceTree = "<group>";
		};
		A47E746F1F848786005442C7 /* AlbumUITests */ = {
			isa = PBXGroup;
			children = (
				A47E74701F848787005442C7 /* AlbumUITests.swift */,
				A47E74721F848787005442C7 /* Info.plist */,
			);
			path = AlbumUITests;
			sourceTree = "<group>";
		};
		A47E74801F848AE9005442C7 /* Model */ = {
			isa = PBXGroup;
			children = (
				A47E74851F848B40005442C7 /* Album.swift */,
			);
			path = Model;
			sourceTree = "<group>";
		};
		A47E74811F848AF3005442C7 /* View */ = {
			isa = PBXGroup;
			children = (
				A47E74511F84876C005442C7 /* Main.storyboard */,
				A47E74871F848C9B005442C7 /* AblumCell.swift */,
				A488DDDF1F85647900C229B0 /* TableCell.swift */,
				A488DDE11F85649C00C229B0 /* CollectionCell.swift */,
			);
			path = View;
			sourceTree = "<group>";
		};
		A47E74821F848AFA005442C7 /* Controller */ = {
			isa = PBXGroup;
			children = (
				A47E744F1F84876A005442C7 /* ViewController.swift */,
				A447D7F91F85C64B0004818F /* PhotoController.swift */,
			);
			path = Controller;
			sourceTree = "<group>";
		};
/* End PBXGroup section */

/* Begin PBXNativeTarget section */
		A47E74491F848769005442C7 /* Album */ = {
			isa = PBXNativeTarget;
			buildConfigurationList = A47E74751F848787005442C7 /* Build configuration list for PBXNativeTarget "Album" */;
			buildPhases = (
				A47E74461F848769005442C7 /* Sources */,
				A47E74471F848769005442C7 /* Frameworks */,
				A47E74481F848769005442C7 /* Resources */,
			);
			buildRules = (
			);
			dependencies = (
			);
			name = Album;
			productName = Album;
			productReference = A47E744A1F848769005442C7 /* Album.app */;
			productType = "com.apple.product-type.application";
		};
		A47E74601F848784005442C7 /* AlbumTests */ = {
			isa = PBXNativeTarget;
			buildConfigurationList = A47E74781F848787005442C7 /* Build configuration list for PBXNativeTarget "AlbumTests" */;
			buildPhases = (
				A47E745D1F848784005442C7 /* Sources */,
				A47E745E1F848784005442C7 /* Frameworks */,
				A47E745F1F848784005442C7 /* Resources */,
			);
			buildRules = (
			);
			dependencies = (
				A47E74631F848784005442C7 /* PBXTargetDependency */,
			);
			name = AlbumTests;
			productName = AlbumTests;
			productReference = A47E74611F848784005442C7 /* AlbumTests.xctest */;
			productType = "com.apple.product-type.bundle.unit-test";
		};
		A47E746B1F848786005442C7 /* AlbumUITests */ = {
			isa = PBXNativeTarget;
			buildConfigurationList = A47E747B1F848787005442C7 /* Build configuration list for PBXNativeTarget "AlbumUITests" */;
			buildPhases = (
				A47E74681F848786005442C7 /* Sources */,
				A47E74691F848786005442C7 /* Frameworks */,
				A47E746A1F848786005442C7 /* Resources */,
			);
			buildRules = (
			);
			dependencies = (
				A47E746E1F848786005442C7 /* PBXTargetDependency */,
			);
			name = AlbumUITests;
			productName = AlbumUITests;
			productReference = A47E746C1F848786005442C7 /* AlbumUITests.xctest */;
			productType = "com.apple.product-type.bundle.ui-testing";
		};
/* End PBXNativeTarget section */

/* Begin PBXProject section */
		A47E74421F848768005442C7 /* Project object */ = {
			isa = PBXProject;
			attributes = {
				LastSwiftUpdateCheck = 0900;
				LastUpgradeCheck = 0900;
				ORGANIZATIONNAME = "Gareth Harris";
				TargetAttributes = {
					A47E74491F848769005442C7 = {
						CreatedOnToolsVersion = 9.0;
						ProvisioningStyle = Automatic;
					};
					A47E74601F848784005442C7 = {
						CreatedOnToolsVersion = 9.0;
						ProvisioningStyle = Automatic;
						TestTargetID = A47E74491F848769005442C7;
					};
					A47E746B1F848786005442C7 = {
						CreatedOnToolsVersion = 9.0;
						ProvisioningStyle = Automatic;
						TestTargetID = A47E74491F848769005442C7;
					};
				};
			};
			buildConfigurationList = A47E74451F848768005442C7 /* Build configuration list for PBXProject "Album" */;
			compatibilityVersion = "Xcode 8.0";
			developmentRegion = en;
			hasScannedForEncodings = 0;
			knownRegions = (
				en,
				Base,
			);
			mainGroup = A47E74411F848768005442C7;
			productRefGroup = A47E744B1F848769005442C7 /* Products */;
			projectDirPath = "";
			projectRoot = "";
			targets = (
				A47E74491F848769005442C7 /* Album */,
				A47E74601F848784005442C7 /* AlbumTests */,
				A47E746B1F848786005442C7 /* AlbumUITests */,
			);
		};
/* End PBXProject section */

/* Begin PBXResourcesBuildPhase section */
		A47E74481F848769005442C7 /* Resources */ = {
			isa = PBXResourcesBuildPhase;
			buildActionMask = 2147483647;
			files = (
				A47E745B1F848781005442C7 /* LaunchScreen.storyboard in Resources */,
				A47E74581F848780005442C7 /* Assets.xcassets in Resources */,
				A47E747F1F848847005442C7 /* started in Resources */,
				A47E74531F84876C005442C7 /* Main.storyboard in Resources */,
			);
			runOnlyForDeploymentPostprocessing = 0;
		};
		A47E745F1F848784005442C7 /* Resources */ = {
			isa = PBXResourcesBuildPhase;
			buildActionMask = 2147483647;
			files = (
			);
			runOnlyForDeploymentPostprocessing = 0;
		};
		A47E746A1F848786005442C7 /* Resources */ = {
			isa = PBXResourcesBuildPhase;
			buildActionMask = 2147483647;
			files = (
			);
			runOnlyForDeploymentPostprocessing = 0;
		};
/* End PBXResourcesBuildPhase section */

/* Begin PBXSourcesBuildPhase section */
		A47E74461F848769005442C7 /* Sources */ = {
			isa = PBXSourcesBuildPhase;
			buildActionMask = 2147483647;
			files = (
				A488DDE01F85647A00C229B0 /* TableCell.swift in Sources */,
				A47E74881F848C9B005442C7 /* AblumCell.swift in Sources */,
				A47E74561F84877E005442C7 /* Album.xcdatamodeld in Sources */,
				A47E74501F84876A005442C7 /* ViewController.swift in Sources */,
				A488DDE21F85649C00C229B0 /* CollectionCell.swift in Sources */,
				A47E744E1F84876A005442C7 /* AppDelegate.swift in Sources */,
				A447D7FA1F85C64B0004818F /* PhotoController.swift in Sources */,
				A47E74861F848B40005442C7 /* Album.swift in Sources */,
			);
			runOnlyForDeploymentPostprocessing = 0;
		};
		A47E745D1F848784005442C7 /* Sources */ = {
			isa = PBXSourcesBuildPhase;
			buildActionMask = 2147483647;
			files = (
				A47E74661F848786005442C7 /* AlbumTests.swift in Sources */,
			);
			runOnlyForDeploymentPostprocessing = 0;
		};
		A47E74681F848786005442C7 /* Sources */ = {
			isa = PBXSourcesBuildPhase;
			buildActionMask = 2147483647;
			files = (
				A47E74711F848787005442C7 /* AlbumUITests.swift in Sources */,
			);
			runOnlyForDeploymentPostprocessing = 0;
		};
/* End PBXSourcesBuildPhase section */

/* Begin PBXTargetDependency section */
		A47E74631F848784005442C7 /* PBXTargetDependency */ = {
			isa = PBXTargetDependency;
			target = A47E74491F848769005442C7 /* Album */;
			targetProxy = A47E74621F848784005442C7 /* PBXContainerItemProxy */;
		};
		A47E746E1F848786005442C7 /* PBXTargetDependency */ = {
			isa = PBXTargetDependency;
			target = A47E74491F848769005442C7 /* Album */;
			targetProxy = A47E746D1F848786005442C7 /* PBXContainerItemProxy */;
		};
/* End PBXTargetDependency section */

/* Begin PBXVariantGroup section */
		A47E74511F84876C005442C7 /* Main.storyboard */ = {
			isa = PBXVariantGroup;
			children = (
				A47E74521F84876C005442C7 /* Base */,
			);
			name = Main.storyboard;
			sourceTree = "<group>";
		};
		A47E74591F848781005442C7 /* LaunchScreen.storyboard */ = {
			isa = PBXVariantGroup;
			children = (
				A47E745A1F848781005442C7 /* Base */,
			);
			name = LaunchScreen.storyboard;
			sourceTree = "<group>";
		};
/* End PBXVariantGroup section */

/* Begin XCBuildConfiguration section */
		A47E74731F848787005442C7 /* Debug */ = {
			isa = XCBuildConfiguration;
			buildSettings = {
				ALWAYS_SEARCH_USER_PATHS = NO;
				CLANG_ANALYZER_NONNULL = YES;
				CLANG_ANALYZER_NUMBER_OBJECT_CONVERSION = YES_AGGRESSIVE;
				CLANG_CXX_LANGUAGE_STANDARD = "gnu++14";
				CLANG_CXX_LIBRARY = "libc++";
				CLANG_ENABLE_MODULES = YES;
				CLANG_ENABLE_OBJC_ARC = YES;
				CLANG_WARN_BLOCK_CAPTURE_AUTORELEASING = YES;
				CLANG_WARN_BOOL_CONVERSION = YES;
				CLANG_WARN_COMMA = YES;
				CLANG_WARN_CONSTANT_CONVERSION = YES;
				CLANG_WARN_DIRECT_OBJC_ISA_USAGE = YES_ERROR;
				CLANG_WARN_DOCUMENTATION_COMMENTS = YES;
				CLANG_WARN_EMPTY_BODY = YES;
				CLANG_WARN_ENUM_CONVERSION = YES;
				CLANG_WARN_INFINITE_RECURSION = YES;
				CLANG_WARN_INT_CONVERSION = YES;
				CLANG_WARN_NON_LITERAL_NULL_CONVERSION = YES;
				CLANG_WARN_OBJC_LITERAL_CONVERSION = YES;
				CLANG_WARN_OBJC_ROOT_CLASS = YES_ERROR;
				CLANG_WARN_RANGE_LOOP_ANALYSIS = YES;
				CLANG_WARN_STRICT_PROTOTYPES = YES;
				CLANG_WARN_SUSPICIOUS_MOVE = YES;
				CLANG_WARN_UNGUARDED_AVAILABILITY = YES_AGGRESSIVE;
				CLANG_WARN_UNREACHABLE_CODE = YES;
				CLANG_WARN__DUPLICATE_METHOD_MATCH = YES;
				CODE_SIGN_IDENTITY = "iPhone Developer";
				COPY_PHASE_STRIP = NO;
				DEBUG_INFORMATION_FORMAT = dwarf;
				ENABLE_STRICT_OBJC_MSGSEND = YES;
				ENABLE_TESTABILITY = YES;
				GCC_C_LANGUAGE_STANDARD = gnu11;
				GCC_DYNAMIC_NO_PIC = NO;
				GCC_NO_COMMON_BLOCKS = YES;
				GCC_OPTIMIZATION_LEVEL = 0;
				GCC_PREPROCESSOR_DEFINITIONS = (
					"DEBUG=1",
					"$(inherited)",
				);
				GCC_WARN_64_TO_32_BIT_CONVERSION = YES;
				GCC_WARN_ABOUT_RETURN_TYPE = YES_ERROR;
				GCC_WARN_UNDECLARED_SELECTOR = YES;
				GCC_WARN_UNINITIALIZED_AUTOS = YES_AGGRESSIVE;
				GCC_WARN_UNUSED_FUNCTION = YES;
				GCC_WARN_UNUSED_VARIABLE = YES;
				IPHONEOS_DEPLOYMENT_TARGET = 11.0;
				MTL_ENABLE_DEBUG_INFO = YES;
				ONLY_ACTIVE_ARCH = YES;
				SDKROOT = iphoneos;
				SWIFT_ACTIVE_COMPILATION_CONDITIONS = DEBUG;
				SWIFT_OPTIMIZATION_LEVEL = "-Onone";
			};
			name = Debug;
		};
		A47E74741F848787005442C7 /* Release */ = {
			isa = XCBuildConfiguration;
			buildSettings = {
				ALWAYS_SEARCH_USER_PATHS = NO;
				CLANG_ANALYZER_NONNULL = YES;
				CLANG_ANALYZER_NUMBER_OBJECT_CONVERSION = YES_AGGRESSIVE;
				CLANG_CXX_LANGUAGE_STANDARD = "gnu++14";
				CLANG_CXX_LIBRARY = "libc++";
				CLANG_ENABLE_MODULES = YES;
				CLANG_ENABLE_OBJC_ARC = YES;
				CLANG_WARN_BLOCK_CAPTURE_AUTORELEASING = YES;
				CLANG_WARN_BOOL_CONVERSION = YES;
				CLANG_WARN_COMMA = YES;
				CLANG_WARN_CONSTANT_CONVERSION = YES;
				CLANG_WARN_DIRECT_OBJC_ISA_USAGE = YES_ERROR;
				CLANG_WARN_DOCUMENTATION_COMMENTS = YES;
				CLANG_WARN_EMPTY_BODY = YES;
				CLANG_WARN_ENUM_CONVERSION = YES;
				CLANG_WARN_INFINITE_RECURSION = YES;
				CLANG_WARN_INT_CONVERSION = YES;
				CLANG_WARN_NON_LITERAL_NULL_CONVERSION = YES;
				CLANG_WARN_OBJC_LITERAL_CONVERSION = YES;
				CLANG_WARN_OBJC_ROOT_CLASS = YES_ERROR;
				CLANG_WARN_RANGE_LOOP_ANALYSIS = YES;
				CLANG_WARN_STRICT_PROTOTYPES = YES;
				CLANG_WARN_SUSPICIOUS_MOVE = YES;
				CLANG_WARN_UNGUARDED_AVAILABILITY = YES_AGGRESSIVE;
				CLANG_WARN_UNREACHABLE_CODE = YES;
				CLANG_WARN__DUPLICATE_METHOD_MATCH = YES;
				CODE_SIGN_IDENTITY = "iPhone Developer";
				COPY_PHASE_STRIP = NO;
				DEBUG_INFORMATION_FORMAT = "dwarf-with-dsym";
				ENABLE_NS_ASSERTIONS = NO;
				ENABLE_STRICT_OBJC_MSGSEND = YES;
				GCC_C_LANGUAGE_STANDARD = gnu11;
				GCC_NO_COMMON_BLOCKS = YES;
				GCC_WARN_64_TO_32_BIT_CONVERSION = YES;
				GCC_WARN_ABOUT_RETURN_TYPE = YES_ERROR;
				GCC_WARN_UNDECLARED_SELECTOR = YES;
				GCC_WARN_UNINITIALIZED_AUTOS = YES_AGGRESSIVE;
				GCC_WARN_UNUSED_FUNCTION = YES;
				GCC_WARN_UNUSED_VARIABLE = YES;
				IPHONEOS_DEPLOYMENT_TARGET = 11.0;
				MTL_ENABLE_DEBUG_INFO = NO;
				SDKROOT = iphoneos;
				SWIFT_OPTIMIZATION_LEVEL = "-Owholemodule";
				VALIDATE_PRODUCT = YES;
			};
			name = Release;
		};
		A47E74761F848787005442C7 /* Debug */ = {
			isa = XCBuildConfiguration;
			buildSettings = {
				ASSETCATALOG_COMPILER_APPICON_NAME = AppIcon;
				CODE_SIGN_STYLE = Automatic;
				DEVELOPMENT_TEAM = H7BT2RD3K4;
				INFOPLIST_FILE = Album/Info.plist;
				LD_RUNPATH_SEARCH_PATHS = "$(inherited) @executable_path/Frameworks";
				PRODUCT_BUNDLE_IDENTIFIER = com.inMotion.Album;
				PRODUCT_NAME = "$(TARGET_NAME)";
				SWIFT_VERSION = 4.0;
				TARGETED_DEVICE_FAMILY = "1,2";
			};
			name = Debug;
		};
		A47E74771F848787005442C7 /* Release */ = {
			isa = XCBuildConfiguration;
			buildSettings = {
				ASSETCATALOG_COMPILER_APPICON_NAME = AppIcon;
				CODE_SIGN_STYLE = Automatic;
				DEVELOPMENT_TEAM = H7BT2RD3K4;
				INFOPLIST_FILE = Album/Info.plist;
				LD_RUNPATH_SEARCH_PATHS = "$(inherited) @executable_path/Frameworks";
				PRODUCT_BUNDLE_IDENTIFIER = com.inMotion.Album;
				PRODUCT_NAME = "$(TARGET_NAME)";
				SWIFT_VERSION = 4.0;
				TARGETED_DEVICE_FAMILY = "1,2";
			};
			name = Release;
		};
		A47E74791F848787005442C7 /* Debug */ = {
			isa = XCBuildConfiguration;
			buildSettings = {
				ALWAYS_EMBED_SWIFT_STANDARD_LIBRARIES = YES;
				BUNDLE_LOADER = "$(TEST_HOST)";
				CODE_SIGN_STYLE = Automatic;
				INFOPLIST_FILE = AlbumTests/Info.plist;
				LD_RUNPATH_SEARCH_PATHS = "$(inherited) @executable_path/Frameworks @loader_path/Frameworks";
				PRODUCT_BUNDLE_IDENTIFIER = com.example.AlbumTests;
				PRODUCT_NAME = "$(TARGET_NAME)";
				SWIFT_VERSION = 4.0;
				TARGETED_DEVICE_FAMILY = "1,2";
				TEST_HOST = "$(BUILT_PRODUCTS_DIR)/Album.app/Album";
			};
			name = Debug;
		};
		A47E747A1F848787005442C7 /* Release */ = {
			isa = XCBuildConfiguration;
			buildSettings = {
				ALWAYS_EMBED_SWIFT_STANDARD_LIBRARIES = YES;
				BUNDLE_LOADER = "$(TEST_HOST)";
				CODE_SIGN_STYLE = Automatic;
				INFOPLIST_FILE = AlbumTests/Info.plist;
				LD_RUNPATH_SEARCH_PATHS = "$(inherited) @executable_path/Frameworks @loader_path/Frameworks";
				PRODUCT_BUNDLE_IDENTIFIER = com.example.AlbumTests;
				PRODUCT_NAME = "$(TARGET_NAME)";
				SWIFT_VERSION = 4.0;
				TARGETED_DEVICE_FAMILY = "1,2";
				TEST_HOST = "$(BUILT_PRODUCTS_DIR)/Album.app/Album";
			};
			name = Release;
		};
		A47E747C1F848787005442C7 /* Debug */ = {
			isa = XCBuildConfiguration;
			buildSettings = {
				ALWAYS_EMBED_SWIFT_STANDARD_LIBRARIES = YES;
				CODE_SIGN_STYLE = Automatic;
				INFOPLIST_FILE = AlbumUITests/Info.plist;
				LD_RUNPATH_SEARCH_PATHS = "$(inherited) @executable_path/Frameworks @loader_path/Frameworks";
				PRODUCT_BUNDLE_IDENTIFIER = com.example.AlbumUITests;
				PRODUCT_NAME = "$(TARGET_NAME)";
				SWIFT_VERSION = 4.0;
				TARGETED_DEVICE_FAMILY = "1,2";
				TEST_TARGET_NAME = Album;
			};
			name = Debug;
		};
		A47E747D1F848787005442C7 /* Release */ = {
			isa = XCBuildConfiguration;
			buildSettings = {
				ALWAYS_EMBED_SWIFT_STANDARD_LIBRARIES = YES;
				CODE_SIGN_STYLE = Automatic;
				INFOPLIST_FILE = AlbumUITests/Info.plist;
				LD_RUNPATH_SEARCH_PATHS = "$(inherited) @executable_path/Frameworks @loader_path/Frameworks";
				PRODUCT_BUNDLE_IDENTIFIER = com.example.AlbumUITests;
				PRODUCT_NAME = "$(TARGET_NAME)";
				SWIFT_VERSION = 4.0;
				TARGETED_DEVICE_FAMILY = "1,2";
				TEST_TARGET_NAME = Album;
			};
			name = Release;
		};
/* End XCBuildConfiguration section */

/* Begin XCConfigurationList section */
		A47E74451F848768005442C7 /* Build configuration list for PBXProject "Album" */ = {
			isa = XCConfigurationList;
			buildConfigurations = (
				A47E74731F848787005442C7 /* Debug */,
				A47E74741F848787005442C7 /* Release */,
			);
			defaultConfigurationIsVisible = 0;
			defaultConfigurationName = Release;
		};
		A47E74751F848787005442C7 /* Build configuration list for PBXNativeTarget "Album" */ = {
			isa = XCConfigurationList;
			buildConfigurations = (
				A47E74761F848787005442C7 /* Debug */,
				A47E74771F848787005442C7 /* Release */,
			);
			defaultConfigurationIsVisible = 0;
			defaultConfigurationName = Release;
		};
		A47E74781F848787005442C7 /* Build configuration list for PBXNativeTarget "AlbumTests" */ = {
			isa = XCConfigurationList;
			buildConfigurations = (
				A47E74791F848787005442C7 /* Debug */,
				A47E747A1F848787005442C7 /* Release */,
			);
			defaultConfigurationIsVisible = 0;
			defaultConfigurationName = Release;
		};
		A47E747B1F848787005442C7 /* Build configuration list for PBXNativeTarget "AlbumUITests" */ = {
			isa = XCConfigurationList;
			buildConfigurations = (
				A47E747C1F848787005442C7 /* Debug */,
				A47E747D1F848787005442C7 /* Release */,
			);
			defaultConfigurationIsVisible = 0;
			defaultConfigurationName = Release;
		};
/* End XCConfigurationList section */

/* Begin XCVersionGroup section */
		A47E74541F84877B005442C7 /* Album.xcdatamodeld */ = {
			isa = XCVersionGroup;
			children = (
				A47E74551F84877C005442C7 /* Album.xcdatamodel */,
			);
			currentVersion = A47E74551F84877C005442C7 /* Album.xcdatamodel */;
			path = Album.xcdatamodeld;
			sourceTree = "<group>";
			versionGroupType = wrapper.xcdatamodel;
		};
/* End XCVersionGroup section */
	};
	rootObject = A47E74421F848768005442C7 /* Project object */;
}
